// !$*UTF8*$!
{
	archiveVersion = 1;
	classes = {
	};
	objectVersion = 46;
	objects = {

/* Begin PBXBuildFile section */
		4F04EB621A33BEA600F98B76 /* question.m in Sources */ = {isa = PBXBuildFile; fileRef = 4F04EB611A33BEA600F98B76 /* question.m */; };
		4F04EB681A33E21900F98B76 /* askQuestion.m in Sources */ = {isa = PBXBuildFile; fileRef = 4F04EB671A33E21900F98B76 /* askQuestion.m */; };
		4F04EB6B1A33E4EA00F98B76 /* tableViewController.m in Sources */ = {isa = PBXBuildFile; fileRef = 4F04EB6A1A33E4EA00F98B76 /* tableViewController.m */; };
		4FF086621A33B2BC002A2410 /* main.m in Sources */ = {isa = PBXBuildFile; fileRef = 4FF086611A33B2BC002A2410 /* main.m */; };
		4FF086651A33B2BC002A2410 /* AppDelegate.m in Sources */ = {isa = PBXBuildFile; fileRef = 4FF086641A33B2BC002A2410 /* AppDelegate.m */; };
		4FF086681A33B2BC002A2410 /* ViewController.m in Sources */ = {isa = PBXBuildFile; fileRef = 4FF086671A33B2BC002A2410 /* ViewController.m */; };
		4FF0866B1A33B2BC002A2410 /* Main.storyboard in Resources */ = {isa = PBXBuildFile; fileRef = 4FF086691A33B2BC002A2410 /* Main.storyboard */; };
		4FF0866D1A33B2BC002A2410 /* Images.xcassets in Resources */ = {isa = PBXBuildFile; fileRef = 4FF0866C1A33B2BC002A2410 /* Images.xcassets */; };
		4FF086701A33B2BC002A2410 /* LaunchScreen.xib in Resources */ = {isa = PBXBuildFile; fileRef = 4FF0866E1A33B2BC002A2410 /* LaunchScreen.xib */; };
		4FF0867C1A33B2BC002A2410 /* hackdayTests.m in Sources */ = {isa = PBXBuildFile; fileRef = 4FF0867B1A33B2BC002A2410 /* hackdayTests.m */; };
/* End PBXBuildFile section */

/* Begin PBXContainerItemProxy section */
		4FF086761A33B2BC002A2410 /* PBXContainerItemProxy */ = {
			isa = PBXContainerItemProxy;
			containerPortal = 4FF086541A33B2BC002A2410 /* Project object */;
			proxyType = 1;
			remoteGlobalIDString = 4FF0865B1A33B2BC002A2410;
			remoteInfo = hackday;
		};
/* End PBXContainerItemProxy section */

/* Begin PBXFileReference section */
		4F04EB601A33BEA600F98B76 /* question.h */ = {isa = PBXFileReference; fileEncoding = 4; lastKnownFileType = sourcecode.c.h; path = question.h; sourceTree = "<group>"; };
		4F04EB611A33BEA600F98B76 /* question.m */ = {isa = PBXFileReference; fileEncoding = 4; lastKnownFileType = sourcecode.c.objc; path = question.m; sourceTree = "<group>"; };
		4F04EB661A33E21900F98B76 /* askQuestion.h */ = {isa = PBXFileReference; fileEncoding = 4; lastKnownFileType = sourcecode.c.h; name = askQuestion.h; path = ../askQuestion.h; sourceTree = "<group>"; };
		4F04EB671A33E21900F98B76 /* askQuestion.m */ = {isa = PBXFileReference; fileEncoding = 4; lastKnownFileType = sourcecode.c.objc; name = askQuestion.m; path = ../askQuestion.m; sourceTree = "<group>"; };
		4F04EB691A33E4EA00F98B76 /* tableViewController.h */ = {isa = PBXFileReference; fileEncoding = 4; lastKnownFileType = sourcecode.c.h; name = tableViewController.h; path = ../tableViewController.h; sourceTree = "<group>"; };
		4F04EB6A1A33E4EA00F98B76 /* tableViewController.m */ = {isa = PBXFileReference; fileEncoding = 4; lastKnownFileType = sourcecode.c.objc; name = tableViewController.m; path = ../tableViewController.m; sourceTree = "<group>"; };
		4FF0865C1A33B2BC002A2410 /* hackday.app */ = {isa = PBXFileReference; explicitFileType = wrapper.application; includeInIndex = 0; path = hackday.app; sourceTree = BUILT_PRODUCTS_DIR; };
		4FF086601A33B2BC002A2410 /* Info.plist */ = {isa = PBXFileReference; lastKnownFileType = text.plist.xml; path = Info.plist; sourceTree = "<group>"; };
		4FF086611A33B2BC002A2410 /* main.m */ = {isa = PBXFileReference; lastKnownFileType = sourcecode.c.objc; path = main.m; sourceTree = "<group>"; };
		4FF086631A33B2BC002A2410 /* AppDelegate.h */ = {isa = PBXFileReference; lastKnownFileType = sourcecode.c.h; path = AppDelegate.h; sourceTree = "<group>"; };
		4FF086641A33B2BC002A2410 /* AppDelegate.m */ = {isa = PBXFileReference; lastKnownFileType = sourcecode.c.objc; path = AppDelegate.m; sourceTree = "<group>"; };
		4FF086661A33B2BC002A2410 /* ViewController.h */ = {isa = PBXFileReference; lastKnownFileType = sourcecode.c.h; path = ViewController.h; sourceTree = "<group>"; };
		4FF086671A33B2BC002A2410 /* ViewController.m */ = {isa = PBXFileReference; lastKnownFileType = sourcecode.c.objc; path = ViewController.m; sourceTree = "<group>"; };
		4FF0866A1A33B2BC002A2410 /* Base */ = {isa = PBXFileReference; lastKnownFileType = file.storyboard; name = Base; path = Base.lproj/Main.storyboard; sourceTree = "<group>"; };
		4FF0866C1A33B2BC002A2410 /* Images.xcassets */ = {isa = PBXFileReference; lastKnownFileType = folder.assetcatalog; path = Images.xcassets; sourceTree = "<group>"; };
		4FF0866F1A33B2BC002A2410 /* Base */ = {isa = PBXFileReference; lastKnownFileType = file.xib; name = Base; path = Base.lproj/LaunchScreen.xib; sourceTree = "<group>"; };
		4FF086751A33B2BC002A2410 /* hackdayTests.xctest */ = {isa = PBXFileReference; explicitFileType = wrapper.cfbundle; includeInIndex = 0; path = hackdayTests.xctest; sourceTree = BUILT_PRODUCTS_DIR; };
		4FF0867A1A33B2BC002A2410 /* Info.plist */ = {isa = PBXFileReference; lastKnownFileType = text.plist.xml; path = Info.plist; sourceTree = "<group>"; };
		4FF0867B1A33B2BC002A2410 /* hackdayTests.m */ = {isa = PBXFileReference; lastKnownFileType = sourcecode.c.objc; path = hackdayTests.m; sourceTree = "<group>"; };
/* End PBXFileReference section */

/* Begin PBXFrameworksBuildPhase section */
		4FF086591A33B2BC002A2410 /* Frameworks */ = {
			isa = PBXFrameworksBuildPhase;
			buildActionMask = 2147483647;
			files = (
			);
			runOnlyForDeploymentPostprocessing = 0;
		};
		4FF086721A33B2BC002A2410 /* Frameworks */ = {
			isa = PBXFrameworksBuildPhase;
			buildActionMask = 2147483647;
			files = (
			);
			runOnlyForDeploymentPostprocessing = 0;
		};
/* End PBXFrameworksBuildPhase section */

/* Begin PBXGroup section */
		4FF086531A33B2BC002A2410 = {
			isa = PBXGroup;
			children = (
				4FF0865E1A33B2BC002A2410 /* hackday */,
				4FF086781A33B2BC002A2410 /* hackdayTests */,
				4FF0865D1A33B2BC002A2410 /* Products */,
			);
			sourceTree = "<group>";
		};
		4FF0865D1A33B2BC002A2410 /* Products */ = {
			isa = PBXGroup;
			children = (
				4FF0865C1A33B2BC002A2410 /* hackday.app */,
				4FF086751A33B2BC002A2410 /* hackdayTests.xctest */,
			);
			name = Products;
			sourceTree = "<group>";
		};
		4FF0865E1A33B2BC002A2410 /* hackday */ = {
			isa = PBXGroup;
			children = (
				4FF086631A33B2BC002A2410 /* AppDelegate.h */,
				4FF086641A33B2BC002A2410 /* AppDelegate.m */,
				4FF086661A33B2BC002A2410 /* ViewController.h */,
				4F04EB661A33E21900F98B76 /* askQuestion.h */,
				4F04EB671A33E21900F98B76 /* askQuestion.m */,
				4F04EB691A33E4EA00F98B76 /* tableViewController.h */,
				4F04EB6A1A33E4EA00F98B76 /* tableViewController.m */,
				4FF086671A33B2BC002A2410 /* ViewController.m */,
				4F04EB601A33BEA600F98B76 /* question.h */,
				4F04EB611A33BEA600F98B76 /* question.m */,
				4FF086691A33B2BC002A2410 /* Main.storyboard */,
				4FF0866C1A33B2BC002A2410 /* Images.xcassets */,
				4FF0866E1A33B2BC002A2410 /* LaunchScreen.xib */,
				4FF0865F1A33B2BC002A2410 /* Supporting Files */,
			);
			path = hackday;
			sourceTree = "<group>";
		};
		4FF0865F1A33B2BC002A2410 /* Supporting Files */ = {
			isa = PBXGroup;
			children = (
				4FF086601A33B2BC002A2410 /* Info.plist */,
				4FF086611A33B2BC002A2410 /* main.m */,
			);
			name = "Supporting Files";
			sourceTree = "<group>";
		};
		4FF086781A33B2BC002A2410 /* hackdayTests */ = {
			isa = PBXGroup;
			children = (
				4FF0867B1A33B2BC002A2410 /* hackdayTests.m */,
				4FF086791A33B2BC002A2410 /* Supporting Files */,
			);
			path = hackdayTests;
			sourceTree = "<group>";
		};
		4FF086791A33B2BC002A2410 /* Supporting Files */ = {
			isa = PBXGroup;
			children = (
				4FF0867A1A33B2BC002A2410 /* Info.plist */,
			);
			name = "Supporting Files";
			sourceTree = "<group>";
		};
/* End PBXGroup section */

/* Begin PBXNativeTarget section */
		4FF0865B1A33B2BC002A2410 /* hackday */ = {
			isa = PBXNativeTarget;
			buildConfigurationList = 4FF0867F1A33B2BC002A2410 /* Build configuration list for PBXNativeTarget "hackday" */;
			buildPhases = (
				4FF086581A33B2BC002A2410 /* Sources */,
				4FF086591A33B2BC002A2410 /* Frameworks */,
				4FF0865A1A33B2BC002A2410 /* Resources */,
			);
			buildRules = (
			);
			dependencies = (
			);
			name = hackday;
			productName = hackday;
			productReference = 4FF0865C1A33B2BC002A2410 /* hackday.app */;
			productType = "com.apple.product-type.application";
		};
		4FF086741A33B2BC002A2410 /* hackdayTests */ = {
			isa = PBXNativeTarget;
			buildConfigurationList = 4FF086821A33B2BC002A2410 /* Build configuration list for PBXNativeTarget "hackdayTests" */;
			buildPhases = (
				4FF086711A33B2BC002A2410 /* Sources */,
				4FF086721A33B2BC002A2410 /* Frameworks */,
				4FF086731A33B2BC002A2410 /* Resources */,
			);
			buildRules = (
			);
			dependencies = (
				4FF086771A33B2BC002A2410 /* PBXTargetDependency */,
			);
			name = hackdayTests;
			productName = hackdayTests;
			productReference = 4FF086751A33B2BC002A2410 /* hackdayTests.xctest */;
			productType = "com.apple.product-type.bundle.unit-test";
		};
/* End PBXNativeTarget section */

/* Begin PBXProject section */
		4FF086541A33B2BC002A2410 /* Project object */ = {
			isa = PBXProject;
			attributes = {
				LastUpgradeCheck = 0610;
				ORGANIZATIONNAME = ShaoLei;
				TargetAttributes = {
					4FF0865B1A33B2BC002A2410 = {
						CreatedOnToolsVersion = 6.1;
					};
					4FF086741A33B2BC002A2410 = {
						CreatedOnToolsVersion = 6.1;
						TestTargetID = 4FF0865B1A33B2BC002A2410;
					};
				};
			};
			buildConfigurationList = 4FF086571A33B2BC002A2410 /* Build configuration list for PBXProject "hackday" */;
			compatibilityVersion = "Xcode 3.2";
			developmentRegion = English;
			hasScannedForEncodings = 0;
			knownRegions = (
				en,
				Base,
			);
			mainGroup = 4FF086531A33B2BC002A2410;
			productRefGroup = 4FF0865D1A33B2BC002A2410 /* Products */;
			projectDirPath = "";
			projectRoot = "";
			targets = (
				4FF0865B1A33B2BC002A2410 /* hackday */,
				4FF086741A33B2BC002A2410 /* hackdayTests */,
			);
		};
/* End PBXProject section */

/* Begin PBXResourcesBuildPhase section */
		4FF0865A1A33B2BC002A2410 /* Resources */ = {
			isa = PBXResourcesBuildPhase;
			buildActionMask = 2147483647;
			files = (
				4FF0866B1A33B2BC002A2410 /* Main.storyboard in Resources */,
				4FF086701A33B2BC002A2410 /* LaunchScreen.xib in Resources */,
				4FF0866D1A33B2BC002A2410 /* Images.xcassets in Resources */,
			);
			runOnlyForDeploymentPostprocessing = 0;
		};
		4FF086731A33B2BC002A2410 /* Resources */ = {
			isa = PBXResourcesBuildPhase;
			buildActionMask = 2147483647;
			files = (
			);
			runOnlyForDeploymentPostprocessing = 0;
		};
/* End PBXResourcesBuildPhase section */

/* Begin PBXSourcesBuildPhase section */
		4FF086581A33B2BC002A2410 /* Sources */ = {
			isa = PBXSourcesBuildPhase;
			buildActionMask = 2147483647;
			files = (
				4FF086681A33B2BC002A2410 /* ViewController.m in Sources */,
				4F04EB621A33BEA600F98B76 /* question.m in Sources */,
				4F04EB681A33E21900F98B76 /* askQuestion.m in Sources */,
				4F04EB6B1A33E4EA00F98B76 /* tableViewController.m in Sources */,
				4FF086651A33B2BC002A2410 /* AppDelegate.m in Sources */,
				4FF086621A33B2BC002A2410 /* main.m in Sources */,
			);
			runOnlyForDeploymentPostprocessing = 0;
		};
		4FF086711A33B2BC002A2410 /* Sources */ = {
			isa = PBXSourcesBuildPhase;
			buildActionMask = 2147483647;
			files = (
				4FF0867C1A33B2BC002A2410 /* hackdayTests.m in Sources */,
			);
			runOnlyForDeploymentPostprocessing = 0;
		};
/* End PBXSourcesBuildPhase section */

/* Begin PBXTargetDependency section */
		4FF086771A33B2BC002A2410 /* PBXTargetDependency */ = {
			isa = PBXTargetDependency;
			target = 4FF0865B1A33B2BC002A2410 /* hackday */;
			targetProxy = 4FF086761A33B2BC002A2410 /* PBXContainerItemProxy */;
		};
/* End PBXTargetDependency section */

/* Begin PBXVariantGroup section */
		4FF086691A33B2BC002A2410 /* Main.storyboard */ = {
			isa = PBXVariantGroup;
			children = (
				4FF0866A1A33B2BC002A2410 /* Base */,
			);
			name = Main.storyboard;
			sourceTree = "<group>";
		};
		4FF0866E1A33B2BC002A2410 /* LaunchScreen.xib */ = {
			isa = PBXVariantGroup;
			children = (
				4FF0866F1A33B2BC002A2410 /* Base */,
			);
			name = LaunchScreen.xib;
			sourceTree = "<group>";
		};
/* End PBXVariantGroup section */

/* Begin XCBuildConfiguration section */
		4FF0867D1A33B2BC002A2410 /* Debug */ = {
			isa = XCBuildConfiguration;
			buildSettings = {
				ALWAYS_SEARCH_USER_PATHS = NO;
				CLANG_CXX_LANGUAGE_STANDARD = "gnu++0x";
				CLANG_CXX_LIBRARY = "libc++";
				CLANG_ENABLE_MODULES = YES;
				CLANG_ENABLE_OBJC_ARC = YES;
				CLANG_WARN_BOOL_CONVERSION = YES;
				CLANG_WARN_CONSTANT_CONVERSION = YES;
				CLANG_WARN_DIRECT_OBJC_ISA_USAGE = YES_ERROR;
				CLANG_WARN_EMPTY_BODY = YES;
				CLANG_WARN_ENUM_CONVERSION = YES;
				CLANG_WARN_INT_CONVERSION = YES;
				CLANG_WARN_OBJC_ROOT_CLASS = YES_ERROR;
				CLANG_WARN_UNREACHABLE_CODE = YES;
				CLANG_WARN__DUPLICATE_METHOD_MATCH = YES;
				"CODE_SIGN_IDENTITY[sdk=iphoneos*]" = "iPhone Developer";
				COPY_PHASE_STRIP = NO;
				ENABLE_STRICT_OBJC_MSGSEND = YES;
				GCC_C_LANGUAGE_STANDARD = gnu99;
				GCC_DYNAMIC_NO_PIC = NO;
				GCC_OPTIMIZATION_LEVEL = 0;
				GCC_PREPROCESSOR_DEFINITIONS = (
					"DEBUG=1",
					"$(inherited)",
				);
				GCC_SYMBOLS_PRIVATE_EXTERN = NO;
				GCC_WARN_64_TO_32_BIT_CONVERSION = YES;
				GCC_WARN_ABOUT_RETURN_TYPE = YES_ERROR;
				GCC_WARN_UNDECLARED_SELECTOR = YES;
				GCC_WARN_UNINITIALIZED_AUTOS = YES_AGGRESSIVE;
				GCC_WARN_UNUSED_FUNCTION = YES;
				GCC_WARN_UNUSED_VARIABLE = YES;
				IPHONEOS_DEPLOYMENT_TARGET = 8.1;
				MTL_ENABLE_DEBUG_INFO = YES;
				ONLY_ACTIVE_ARCH = YES;
				SDKROOT = iphoneos;
			};
			name = Debug;
		};
		4FF0867E1A33B2BC002A2410 /* Release */ = {
			isa = XCBuildConfiguration;
			buildSettings = {
				ALWAYS_SEARCH_USER_PATHS = NO;
				CLANG_CXX_LANGUAGE_STANDARD = "gnu++0x";
				CLANG_CXX_LIBRARY = "libc++";
				CLANG_ENABLE_MODULES = YES;
				CLANG_ENABLE_OBJC_ARC = YES;
				CLANG_WARN_BOOL_CONVERSION = YES;
				CLANG_WARN_CONSTANT_CONVERSION = YES;
				CLANG_WARN_DIRECT_OBJC_ISA_USAGE = YES_ERROR;
				CLANG_WARN_EMPTY_BODY = YES;
				CLANG_WARN_ENUM_CONVERSION = YES;
				CLANG_WARN_INT_CONVERSION = YES;
				CLANG_WARN_OBJC_ROOT_CLASS = YES_ERROR;
				CLANG_WARN_UNREACHABLE_CODE = YES;
				CLANG_WARN__DUPLICATE_METHOD_MATCH = YES;
				"CODE_SIGN_IDENTITY[sdk=iphoneos*]" = "iPhone Developer";
				COPY_PHASE_STRIP = YES;
				ENABLE_NS_ASSERTIONS = NO;
				ENABLE_STRICT_OBJC_MSGSEND = YES;
				GCC_C_LANGUAGE_STANDARD = gnu99;
				GCC_WARN_64_TO_32_BIT_CONVERSION = YES;
				GCC_WARN_ABOUT_RETURN_TYPE = YES_ERROR;
				GCC_WARN_UNDECLARED_SELECTOR = YES;
				GCC_WARN_UNINITIALIZED_AUTOS = YES_AGGRESSIVE;
				GCC_WARN_UNUSED_FUNCTION = YES;
				GCC_WARN_UNUSED_VARIABLE = YES;
				IPHONEOS_DEPLOYMENT_TARGET = 8.1;
				MTL_ENABLE_DEBUG_INFO = NO;
				SDKROOT = iphoneos;
				VALIDATE_PRODUCT = YES;
			};
			name = Release;
		};
		4FF086801A33B2BC002A2410 /* Debug */ = {
			isa = XCBuildConfiguration;
			buildSettings = {
				ASSETCATALOG_COMPILER_APPICON_NAME = AppIcon;
				INFOPLIST_FILE = hackday/Info.plist;
				IPHONEOS_DEPLOYMENT_TARGET = 7.0;
				LD_RUNPATH_SEARCH_PATHS = "$(inherited) @executable_path/Frameworks";
				PRODUCT_NAME = "$(TARGET_NAME)";
			};
			name = Debug;
		};
		4FF086811A33B2BC002A2410 /* Release */ = {
			isa = XCBuildConfiguration;
			buildSettings = {
				ASSETCATALOG_COMPILER_APPICON_NAME = AppIcon;
				INFOPLIST_FILE = hackday/Info.plist;
				IPHONEOS_DEPLOYMENT_TARGET = 7.0;
				LD_RUNPATH_SEARCH_PATHS = "$(inherited) @executable_path/Frameworks";
				PRODUCT_NAME = "$(TARGET_NAME)";
			};
			name = Release;
		};
		4FF086831A33B2BC002A2410 /* Debug */ = {
			isa = XCBuildConfiguration;
			buildSettings = {
				BUNDLE_LOADER = "$(TEST_HOST)";
				FRAMEWORK_SEARCH_PATHS = (
					"$(SDKROOT)/Developer/Library/Frameworks",
					"$(inherited)",
				);
				GCC_PREPROCESSOR_DEFINITIONS = (
					"DEBUG=1",
					"$(inherited)",
				);
				INFOPLIST_FILE = hackdayTests/Info.plist;
				LD_RUNPATH_SEARCH_PATHS = "$(inherited) @executable_path/Frameworks @loader_path/Frameworks";
				PRODUCT_NAME = "$(TARGET_NAME)";
				TEST_HOST = "$(BUILT_PRODUCTS_DIR)/hackday.app/hackday";
			};
			name = Debug;
		};
		4FF086841A33B2BC002A2410 /* Release */ = {
			isa = XCBuildConfiguration;
			buildSettings = {
				BUNDLE_LOADER = "$(TEST_HOST)";
				FRAMEWORK_SEARCH_PATHS = (
					"$(SDKROOT)/Developer/Library/Frameworks",
					"$(inherited)",
				);
				INFOPLIST_FILE = hackdayTests/Info.plist;
				LD_RUNPATH_SEARCH_PATHS = "$(inherited) @executable_path/Frameworks @loader_path/Frameworks";
				PRODUCT_NAME = "$(TARGET_NAME)";
				TEST_HOST = "$(BUILT_PRODUCTS_DIR)/hackday.app/hackday";
			};
			name = Release;
		};
/* End XCBuildConfiguration section */

/* Begin XCConfigurationList section */
		4FF086571A33B2BC002A2410 /* Build configuration list for PBXProject "hackday" */ = {
			isa = XCConfigurationList;
			buildConfigurations = (
				4FF0867D1A33B2BC002A2410 /* Debug */,
				4FF0867E1A33B2BC002A2410 /* Release */,
			);
			defaultConfigurationIsVisible = 0;
			defaultConfigurationName = Release;
		};
		4FF0867F1A33B2BC002A2410 /* Build configuration list for PBXNativeTarget "hackday" */ = {
			isa = XCConfigurationList;
			buildConfigurations = (
				4FF086801A33B2BC002A2410 /* Debug */,
				4FF086811A33B2BC002A2410 /* Release */,
			);
			defaultConfigurationIsVisible = 0;
			defaultConfigurationName = Release;
		};
		4FF086821A33B2BC002A2410 /* Build configuration list for PBXNativeTarget "hackdayTests" */ = {
			isa = XCConfigurationList;
			buildConfigurations = (
				4FF086831A33B2BC002A2410 /* Debug */,
				4FF086841A33B2BC002A2410 /* Release */,
			);
			defaultConfigurationIsVisible = 0;
			defaultConfigurationName = Release;
		};
/* End XCConfigurationList section */
	};
	rootObject = 4FF086541A33B2BC002A2410 /* Project object */;
}
